// !$*UTF8*$!
{
	archiveVersion = 1;
	classes = {
	};
	objectVersion = 54;
	objects = {

/* Begin PBXBuildFile section */
		00E356F31AD99517003FC87E /* vectorTests.m in Sources */ = {isa = PBXBuildFile; fileRef = 00E356F21AD99517003FC87E /* vectorTests.m */; };
		0ACDE5AE2B28BB9700A63F93 /* Fontisto.ttf in Resources */ = {isa = PBXBuildFile; fileRef = 0ACDE59A2B28BA3D00A63F93 /* Fontisto.ttf */; };
		0ACDE5AF2B28BB9700A63F93 /* Octicons.ttf in Resources */ = {isa = PBXBuildFile; fileRef = 0ACDE59B2B28BA3D00A63F93 /* Octicons.ttf */; };
		0ACDE5B02B28BB9700A63F93 /* Feather.ttf in Resources */ = {isa = PBXBuildFile; fileRef = 0ACDE59C2B28BA3D00A63F93 /* Feather.ttf */; };
		0ACDE5B12B28BB9700A63F93 /* FontAwesome6_Regular.ttf in Resources */ = {isa = PBXBuildFile; fileRef = 0ACDE59D2B28BA3D00A63F93 /* FontAwesome6_Regular.ttf */; };
		0ACDE5B22B28BB9700A63F93 /* Entypo.ttf in Resources */ = {isa = PBXBuildFile; fileRef = 0ACDE59E2B28BA3D00A63F93 /* Entypo.ttf */; };
		0ACDE5B32B28BB9700A63F93 /* FontAwesome5_Brands.ttf in Resources */ = {isa = PBXBuildFile; fileRef = 0ACDE59F2B28BA3D00A63F93 /* FontAwesome5_Brands.ttf */; };
		0ACDE5B42B28BB9700A63F93 /* MaterialCommunityIcons.ttf in Resources */ = {isa = PBXBuildFile; fileRef = 0ACDE5A02B28BA3D00A63F93 /* MaterialCommunityIcons.ttf */; };
		0ACDE5B52B28BB9700A63F93 /* AntDesign.ttf in Resources */ = {isa = PBXBuildFile; fileRef = 0ACDE5A12B28BA3D00A63F93 /* AntDesign.ttf */; };
		0ACDE5B62B28BB9700A63F93 /* Foundation.ttf in Resources */ = {isa = PBXBuildFile; fileRef = 0ACDE5A22B28BA3D00A63F93 /* Foundation.ttf */; };
		0ACDE5B72B28BB9700A63F93 /* Ionicons.ttf in Resources */ = {isa = PBXBuildFile; fileRef = 0ACDE5A32B28BA3D00A63F93 /* Ionicons.ttf */; };
		0ACDE5B82B28BB9700A63F93 /* FontAwesome5_Solid.ttf in Resources */ = {isa = PBXBuildFile; fileRef = 0ACDE5A42B28BA3D00A63F93 /* FontAwesome5_Solid.ttf */; };
		0ACDE5B92B28BB9700A63F93 /* FontAwesome5_Regular.ttf in Resources */ = {isa = PBXBuildFile; fileRef = 0ACDE5A52B28BA3D00A63F93 /* FontAwesome5_Regular.ttf */; };
		0ACDE5BA2B28BB9700A63F93 /* FontAwesome.ttf in Resources */ = {isa = PBXBuildFile; fileRef = 0ACDE5A62B28BA3D00A63F93 /* FontAwesome.ttf */; };
		0ACDE5BB2B28BB9700A63F93 /* Zocial.ttf in Resources */ = {isa = PBXBuildFile; fileRef = 0ACDE5A72B28BA3D00A63F93 /* Zocial.ttf */; };
		0ACDE5BC2B28BB9700A63F93 /* EvilIcons.ttf in Resources */ = {isa = PBXBuildFile; fileRef = 0ACDE5A82B28BA3D00A63F93 /* EvilIcons.ttf */; };
		0ACDE5BD2B28BB9700A63F93 /* FontAwesome6_Solid.ttf in Resources */ = {isa = PBXBuildFile; fileRef = 0ACDE5A92B28BA3D00A63F93 /* FontAwesome6_Solid.ttf */; };
		0ACDE5BE2B28BB9700A63F93 /* SimpleLineIcons.ttf in Resources */ = {isa = PBXBuildFile; fileRef = 0ACDE5AA2B28BA3D00A63F93 /* SimpleLineIcons.ttf */; };
		0ACDE5BF2B28BB9700A63F93 /* FontAwesome6_Brands.ttf in Resources */ = {isa = PBXBuildFile; fileRef = 0ACDE5AB2B28BA3D00A63F93 /* FontAwesome6_Brands.ttf */; };
		0ACDE5C02B28BB9700A63F93 /* MaterialIcons.ttf in Resources */ = {isa = PBXBuildFile; fileRef = 0ACDE5AC2B28BA3D00A63F93 /* MaterialIcons.ttf */; };
		0C80B921A6F3F58F76C31292 /* libPods-vector.a in Frameworks */ = {isa = PBXBuildFile; fileRef = 5DCACB8F33CDC322A6C60F78 /* libPods-vector.a */; };
		0F485086814D40C4B9CC30BE /* Montserrat-ExtraBold.ttf in Resources */ = {isa = PBXBuildFile; fileRef = 1CF1446FF8694795A1B37FB3 /* Montserrat-ExtraBold.ttf */; };
		13B07FBC1A68108700A75B9A /* AppDelegate.mm in Sources */ = {isa = PBXBuildFile; fileRef = 13B07FB01A68108700A75B9A /* AppDelegate.mm */; };
		13B07FC11A68108700A75B9A /* main.m in Sources */ = {isa = PBXBuildFile; fileRef = 13B07FB71A68108700A75B9A /* main.m */; };
		29F85B7BBFC5407F822B5C97 /* Montserrat-LightItalic.ttf in Resources */ = {isa = PBXBuildFile; fileRef = C77EDE9E283D4A8AB74D241E /* Montserrat-LightItalic.ttf */; };
		2A5953429FE84FE18CD64B62 /* Lato-BlackItalic.ttf in Resources */ = {isa = PBXBuildFile; fileRef = 0434AB75B80644E09A8DE357 /* Lato-BlackItalic.ttf */; };
		316D2D3581CF46E1A007BAF5 /* Lato-Regular.ttf in Resources */ = {isa = PBXBuildFile; fileRef = DCABB94089E64072A75446D2 /* Lato-Regular.ttf */; };
		38C3C01310054E038F7C5111 /* Montserrat-Light.ttf in Resources */ = {isa = PBXBuildFile; fileRef = 3C8A556A7DC4492288F14965 /* Montserrat-Light.ttf */; };
		38C42DEB122B42EBAE161EBE /* Montserrat-Italic.ttf in Resources */ = {isa = PBXBuildFile; fileRef = 44A7E01D5E3247F381A0C9CE /* Montserrat-Italic.ttf */; };
		3AEBD7B2A5504884812F2AA5 /* Montserrat-ExtraLight.ttf in Resources */ = {isa = PBXBuildFile; fileRef = 9749B97A00E340A0BC56A040 /* Montserrat-ExtraLight.ttf */; };
		4416FCBBC517401C97013F6A /* Montserrat-ThinItalic.ttf in Resources */ = {isa = PBXBuildFile; fileRef = C5EAEA3992874CBBB8F09FD9 /* Montserrat-ThinItalic.ttf */; };
		4A33D01E479F4B939C202041 /* Montserrat-Thin.ttf in Resources */ = {isa = PBXBuildFile; fileRef = 8F120D4828C94F8EA437D00C /* Montserrat-Thin.ttf */; };
		4B2AB581B4F34F7B98AE3C73 /* Montserrat-Bold.ttf in Resources */ = {isa = PBXBuildFile; fileRef = FA9CDDF9B8A546C4BA257006 /* Montserrat-Bold.ttf */; };
		4F8B72D6BA3247E0AF5DB2F7 /* Montserrat-SemiBold.ttf in Resources */ = {isa = PBXBuildFile; fileRef = CEE20F5517D445AD9B2E13C3 /* Montserrat-SemiBold.ttf */; };
		5929EC0ED9D949468337465F /* Montserrat-Black.ttf in Resources */ = {isa = PBXBuildFile; fileRef = CD76A3A752DC41CBB941C0AA /* Montserrat-Black.ttf */; };
		5F87A9620B804635AC56719D /* Lato-Thin.ttf in Resources */ = {isa = PBXBuildFile; fileRef = 20A0F76CDCA84F7381029552 /* Lato-Thin.ttf */; };
		619A8B0E9A1E4C4D8B9F93EF /* Montserrat-BlackItalic.ttf in Resources */ = {isa = PBXBuildFile; fileRef = 24FC3972DB8C4C95B08B2650 /* Montserrat-BlackItalic.ttf */; };
		626083C3A218425CBD875598 /* Lato-Bold.ttf in Resources */ = {isa = PBXBuildFile; fileRef = 419D310760A446EFBA49AE24 /* Lato-Bold.ttf */; };
		680B0C3EE6DC4B43AC4A365B /* Montserrat-ExtraLightItalic.ttf in Resources */ = {isa = PBXBuildFile; fileRef = C8291E37F37442C8A9D059D5 /* Montserrat-ExtraLightItalic.ttf */; };
		6EE214EBC3BD4CBC9F5A0A2E /* Montserrat-SemiBoldItalic.ttf in Resources */ = {isa = PBXBuildFile; fileRef = A99142F063894686AD37D057 /* Montserrat-SemiBoldItalic.ttf */; };
		728E290C67EE44839666B917 /* Lato-ThinItalic.ttf in Resources */ = {isa = PBXBuildFile; fileRef = 2481182FEC8044499FC0FFF0 /* Lato-ThinItalic.ttf */; };
		7699B88040F8A987B510C191 /* libPods-vector-vectorTests.a in Frameworks */ = {isa = PBXBuildFile; fileRef = 19F6CBCC0A4E27FBF8BF4A61 /* libPods-vector-vectorTests.a */; };
		80B58EAD29B54EB3AB0A10A7 /* Montserrat-ExtraBoldItalic.ttf in Resources */ = {isa = PBXBuildFile; fileRef = 2867A01770244E13ABC54832 /* Montserrat-ExtraBoldItalic.ttf */; };
		82964666BBC349A58EA20531 /* Montserrat-BoldItalic.ttf in Resources */ = {isa = PBXBuildFile; fileRef = 0744FFB6F3DC4520B8253D14 /* Montserrat-BoldItalic.ttf */; };
		89A8359CAA964442BBF0C843 /* Lato-Italic.ttf in Resources */ = {isa = PBXBuildFile; fileRef = AAD3AE785DE442DAAC0513C2 /* Lato-Italic.ttf */; };
		9F8225E4667E4093AD84CB39 /* Lato-Black.ttf in Resources */ = {isa = PBXBuildFile; fileRef = D0F0A0A8D14848509BAFB9F1 /* Lato-Black.ttf */; };
		AF60C9D6F7174EAAAD5D140D /* Montserrat.ttf in Resources */ = {isa = PBXBuildFile; fileRef = 8D120A257A47437097FA2CE6 /* Montserrat.ttf */; };
		BA1C71DA1FCC4243AE0A8C57 /* Lato-Light.ttf in Resources */ = {isa = PBXBuildFile; fileRef = 183219BC45D34599B66854DC /* Lato-Light.ttf */; };
		C5CEE63EF8874E40BBD6CC20 /* Lato-BoldItalic.ttf in Resources */ = {isa = PBXBuildFile; fileRef = 5C8473D96C7D4D668FC99C65 /* Lato-BoldItalic.ttf */; };
		CBA0620428F8462AB7DFDD3A /* Montserrat-Medium.ttf in Resources */ = {isa = PBXBuildFile; fileRef = 290FE5ED342B46F58FE666C3 /* Montserrat-Medium.ttf */; };
		CC1C7D30425C4359A6056633 /* Montserrat-MediumItalic.ttf in Resources */ = {isa = PBXBuildFile; fileRef = 08FF13EF34FB473699967AF3 /* Montserrat-MediumItalic.ttf */; };
		E1CEC84E6BFD4F96B3DE5361 /* Montserrat-Regular.ttf in Resources */ = {isa = PBXBuildFile; fileRef = 291717B9AC724C47BE9F0BCE /* Montserrat-Regular.ttf */; };
		E409151217764142AAF8A76C /* Lato-LightItalic.ttf in Resources */ = {isa = PBXBuildFile; fileRef = BA60A01B6D3D4EE7B5C71254 /* Lato-LightItalic.ttf */; };
/* End PBXBuildFile section */

/* Begin PBXContainerItemProxy section */
		00E356F41AD99517003FC87E /* PBXContainerItemProxy */ = {
			isa = PBXContainerItemProxy;
			containerPortal = 83CBB9F71A601CBA00E9B192 /* Project object */;
			proxyType = 1;
			remoteGlobalIDString = 13B07F861A680F5B00A75B9A;
			remoteInfo = vector;
		};
/* End PBXContainerItemProxy section */

/* Begin PBXFileReference section */
		00E356EE1AD99517003FC87E /* vectorTests.xctest */ = {isa = PBXFileReference; explicitFileType = wrapper.cfbundle; includeInIndex = 0; path = vectorTests.xctest; sourceTree = BUILT_PRODUCTS_DIR; };
		00E356F11AD99517003FC87E /* Info.plist */ = {isa = PBXFileReference; lastKnownFileType = text.plist.xml; path = Info.plist; sourceTree = "<group>"; };
		00E356F21AD99517003FC87E /* vectorTests.m */ = {isa = PBXFileReference; lastKnownFileType = sourcecode.c.objc; path = vectorTests.m; sourceTree = "<group>"; };
		0434AB75B80644E09A8DE357 /* Lato-BlackItalic.ttf */ = {isa = PBXFileReference; explicitFileType = undefined; fileEncoding = 9; includeInIndex = 0; lastKnownFileType = unknown; name = "Lato-BlackItalic.ttf"; path = "../assets/fonts/Lato-BlackItalic.ttf"; sourceTree = "<group>"; };
		0744FFB6F3DC4520B8253D14 /* Montserrat-BoldItalic.ttf */ = {isa = PBXFileReference; explicitFileType = undefined; fileEncoding = 9; includeInIndex = 0; lastKnownFileType = unknown; name = "Montserrat-BoldItalic.ttf"; path = "../assets/fonts/Montserrat-BoldItalic.ttf"; sourceTree = "<group>"; };
		08FF13EF34FB473699967AF3 /* Montserrat-MediumItalic.ttf */ = {isa = PBXFileReference; explicitFileType = undefined; fileEncoding = 9; includeInIndex = 0; lastKnownFileType = unknown; name = "Montserrat-MediumItalic.ttf"; path = "../assets/fonts/Montserrat-MediumItalic.ttf"; sourceTree = "<group>"; };
		0ACDE59A2B28BA3D00A63F93 /* Fontisto.ttf */ = {isa = PBXFileReference; lastKnownFileType = file; path = Fontisto.ttf; sourceTree = "<group>"; };
		0ACDE59B2B28BA3D00A63F93 /* Octicons.ttf */ = {isa = PBXFileReference; lastKnownFileType = file; path = Octicons.ttf; sourceTree = "<group>"; };
		0ACDE59C2B28BA3D00A63F93 /* Feather.ttf */ = {isa = PBXFileReference; lastKnownFileType = file; path = Feather.ttf; sourceTree = "<group>"; };
		0ACDE59D2B28BA3D00A63F93 /* FontAwesome6_Regular.ttf */ = {isa = PBXFileReference; lastKnownFileType = file; path = FontAwesome6_Regular.ttf; sourceTree = "<group>"; };
		0ACDE59E2B28BA3D00A63F93 /* Entypo.ttf */ = {isa = PBXFileReference; lastKnownFileType = file; path = Entypo.ttf; sourceTree = "<group>"; };
		0ACDE59F2B28BA3D00A63F93 /* FontAwesome5_Brands.ttf */ = {isa = PBXFileReference; lastKnownFileType = file; path = FontAwesome5_Brands.ttf; sourceTree = "<group>"; };
		0ACDE5A02B28BA3D00A63F93 /* MaterialCommunityIcons.ttf */ = {isa = PBXFileReference; lastKnownFileType = file; path = MaterialCommunityIcons.ttf; sourceTree = "<group>"; };
		0ACDE5A12B28BA3D00A63F93 /* AntDesign.ttf */ = {isa = PBXFileReference; lastKnownFileType = file; path = AntDesign.ttf; sourceTree = "<group>"; };
		0ACDE5A22B28BA3D00A63F93 /* Foundation.ttf */ = {isa = PBXFileReference; lastKnownFileType = file; path = Foundation.ttf; sourceTree = "<group>"; };
		0ACDE5A32B28BA3D00A63F93 /* Ionicons.ttf */ = {isa = PBXFileReference; lastKnownFileType = file; path = Ionicons.ttf; sourceTree = "<group>"; };
		0ACDE5A42B28BA3D00A63F93 /* FontAwesome5_Solid.ttf */ = {isa = PBXFileReference; lastKnownFileType = file; path = FontAwesome5_Solid.ttf; sourceTree = "<group>"; };
		0ACDE5A52B28BA3D00A63F93 /* FontAwesome5_Regular.ttf */ = {isa = PBXFileReference; lastKnownFileType = file; path = FontAwesome5_Regular.ttf; sourceTree = "<group>"; };
		0ACDE5A62B28BA3D00A63F93 /* FontAwesome.ttf */ = {isa = PBXFileReference; lastKnownFileType = file; path = FontAwesome.ttf; sourceTree = "<group>"; };
		0ACDE5A72B28BA3D00A63F93 /* Zocial.ttf */ = {isa = PBXFileReference; lastKnownFileType = file; path = Zocial.ttf; sourceTree = "<group>"; };
		0ACDE5A82B28BA3D00A63F93 /* EvilIcons.ttf */ = {isa = PBXFileReference; lastKnownFileType = file; path = EvilIcons.ttf; sourceTree = "<group>"; };
		0ACDE5A92B28BA3D00A63F93 /* FontAwesome6_Solid.ttf */ = {isa = PBXFileReference; lastKnownFileType = file; path = FontAwesome6_Solid.ttf; sourceTree = "<group>"; };
		0ACDE5AA2B28BA3D00A63F93 /* SimpleLineIcons.ttf */ = {isa = PBXFileReference; lastKnownFileType = file; path = SimpleLineIcons.ttf; sourceTree = "<group>"; };
		0ACDE5AB2B28BA3D00A63F93 /* FontAwesome6_Brands.ttf */ = {isa = PBXFileReference; lastKnownFileType = file; path = FontAwesome6_Brands.ttf; sourceTree = "<group>"; };
		0ACDE5AC2B28BA3D00A63F93 /* MaterialIcons.ttf */ = {isa = PBXFileReference; lastKnownFileType = file; path = MaterialIcons.ttf; sourceTree = "<group>"; };
		13B07F961A680F5B00A75B9A /* vector.app */ = {isa = PBXFileReference; explicitFileType = wrapper.application; includeInIndex = 0; path = vector.app; sourceTree = BUILT_PRODUCTS_DIR; };
		13B07FAF1A68108700A75B9A /* AppDelegate.h */ = {isa = PBXFileReference; fileEncoding = 4; lastKnownFileType = sourcecode.c.h; name = AppDelegate.h; path = vector/AppDelegate.h; sourceTree = "<group>"; };
		13B07FB01A68108700A75B9A /* AppDelegate.mm */ = {isa = PBXFileReference; fileEncoding = 4; lastKnownFileType = sourcecode.cpp.objcpp; name = AppDelegate.mm; path = vector/AppDelegate.mm; sourceTree = "<group>"; };
		13B07FB51A68108700A75B9A /* Images.xcassets */ = {isa = PBXFileReference; lastKnownFileType = folder.assetcatalog; name = Images.xcassets; path = vector/Images.xcassets; sourceTree = "<group>"; };
		13B07FB61A68108700A75B9A /* Info.plist */ = {isa = PBXFileReference; fileEncoding = 4; lastKnownFileType = text.plist.xml; name = Info.plist; path = vector/Info.plist; sourceTree = "<group>"; };
		13B07FB71A68108700A75B9A /* main.m */ = {isa = PBXFileReference; fileEncoding = 4; lastKnownFileType = sourcecode.c.objc; name = main.m; path = vector/main.m; sourceTree = "<group>"; };
		183219BC45D34599B66854DC /* Lato-Light.ttf */ = {isa = PBXFileReference; explicitFileType = undefined; fileEncoding = 9; includeInIndex = 0; lastKnownFileType = unknown; name = "Lato-Light.ttf"; path = "../assets/fonts/Lato-Light.ttf"; sourceTree = "<group>"; };
		19F6CBCC0A4E27FBF8BF4A61 /* libPods-vector-vectorTests.a */ = {isa = PBXFileReference; explicitFileType = archive.ar; includeInIndex = 0; path = "libPods-vector-vectorTests.a"; sourceTree = BUILT_PRODUCTS_DIR; };
		1CF1446FF8694795A1B37FB3 /* Montserrat-ExtraBold.ttf */ = {isa = PBXFileReference; explicitFileType = undefined; fileEncoding = 9; includeInIndex = 0; lastKnownFileType = unknown; name = "Montserrat-ExtraBold.ttf"; path = "../assets/fonts/Montserrat-ExtraBold.ttf"; sourceTree = "<group>"; };
		20A0F76CDCA84F7381029552 /* Lato-Thin.ttf */ = {isa = PBXFileReference; explicitFileType = undefined; fileEncoding = 9; includeInIndex = 0; lastKnownFileType = unknown; name = "Lato-Thin.ttf"; path = "../assets/fonts/Lato-Thin.ttf"; sourceTree = "<group>"; };
		2481182FEC8044499FC0FFF0 /* Lato-ThinItalic.ttf */ = {isa = PBXFileReference; explicitFileType = undefined; fileEncoding = 9; includeInIndex = 0; lastKnownFileType = unknown; name = "Lato-ThinItalic.ttf"; path = "../assets/fonts/Lato-ThinItalic.ttf"; sourceTree = "<group>"; };
		24FC3972DB8C4C95B08B2650 /* Montserrat-BlackItalic.ttf */ = {isa = PBXFileReference; explicitFileType = undefined; fileEncoding = 9; includeInIndex = 0; lastKnownFileType = unknown; name = "Montserrat-BlackItalic.ttf"; path = "../assets/fonts/Montserrat-BlackItalic.ttf"; sourceTree = "<group>"; };
		2867A01770244E13ABC54832 /* Montserrat-ExtraBoldItalic.ttf */ = {isa = PBXFileReference; explicitFileType = undefined; fileEncoding = 9; includeInIndex = 0; lastKnownFileType = unknown; name = "Montserrat-ExtraBoldItalic.ttf"; path = "../assets/fonts/Montserrat-ExtraBoldItalic.ttf"; sourceTree = "<group>"; };
		290FE5ED342B46F58FE666C3 /* Montserrat-Medium.ttf */ = {isa = PBXFileReference; explicitFileType = undefined; fileEncoding = 9; includeInIndex = 0; lastKnownFileType = unknown; name = "Montserrat-Medium.ttf"; path = "../assets/fonts/Montserrat-Medium.ttf"; sourceTree = "<group>"; };
		291717B9AC724C47BE9F0BCE /* Montserrat-Regular.ttf */ = {isa = PBXFileReference; explicitFileType = undefined; fileEncoding = 9; includeInIndex = 0; lastKnownFileType = unknown; name = "Montserrat-Regular.ttf"; path = "../assets/fonts/Montserrat-Regular.ttf"; sourceTree = "<group>"; };
		3B4392A12AC88292D35C810B /* Pods-vector.debug.xcconfig */ = {isa = PBXFileReference; includeInIndex = 1; lastKnownFileType = text.xcconfig; name = "Pods-vector.debug.xcconfig"; path = "Target Support Files/Pods-vector/Pods-vector.debug.xcconfig"; sourceTree = "<group>"; };
		3C8A556A7DC4492288F14965 /* Montserrat-Light.ttf */ = {isa = PBXFileReference; explicitFileType = undefined; fileEncoding = 9; includeInIndex = 0; lastKnownFileType = unknown; name = "Montserrat-Light.ttf"; path = "../assets/fonts/Montserrat-Light.ttf"; sourceTree = "<group>"; };
		419D310760A446EFBA49AE24 /* Lato-Bold.ttf */ = {isa = PBXFileReference; explicitFileType = undefined; fileEncoding = 9; includeInIndex = 0; lastKnownFileType = unknown; name = "Lato-Bold.ttf"; path = "../assets/fonts/Lato-Bold.ttf"; sourceTree = "<group>"; };
		44A7E01D5E3247F381A0C9CE /* Montserrat-Italic.ttf */ = {isa = PBXFileReference; explicitFileType = undefined; fileEncoding = 9; includeInIndex = 0; lastKnownFileType = unknown; name = "Montserrat-Italic.ttf"; path = "../assets/fonts/Montserrat-Italic.ttf"; sourceTree = "<group>"; };
		5709B34CF0A7D63546082F79 /* Pods-vector.release.xcconfig */ = {isa = PBXFileReference; includeInIndex = 1; lastKnownFileType = text.xcconfig; name = "Pods-vector.release.xcconfig"; path = "Target Support Files/Pods-vector/Pods-vector.release.xcconfig"; sourceTree = "<group>"; };
		5B7EB9410499542E8C5724F5 /* Pods-vector-vectorTests.debug.xcconfig */ = {isa = PBXFileReference; includeInIndex = 1; lastKnownFileType = text.xcconfig; name = "Pods-vector-vectorTests.debug.xcconfig"; path = "Target Support Files/Pods-vector-vectorTests/Pods-vector-vectorTests.debug.xcconfig"; sourceTree = "<group>"; };
		5C8473D96C7D4D668FC99C65 /* Lato-BoldItalic.ttf */ = {isa = PBXFileReference; explicitFileType = undefined; fileEncoding = 9; includeInIndex = 0; lastKnownFileType = unknown; name = "Lato-BoldItalic.ttf"; path = "../assets/fonts/Lato-BoldItalic.ttf"; sourceTree = "<group>"; };
		5DCACB8F33CDC322A6C60F78 /* libPods-vector.a */ = {isa = PBXFileReference; explicitFileType = archive.ar; includeInIndex = 0; path = "libPods-vector.a"; sourceTree = BUILT_PRODUCTS_DIR; };
		81AB9BB72411601600AC10FF /* LaunchScreen.storyboard */ = {isa = PBXFileReference; fileEncoding = 4; lastKnownFileType = file.storyboard; name = LaunchScreen.storyboard; path = vector/LaunchScreen.storyboard; sourceTree = "<group>"; };
		89C6BE57DB24E9ADA2F236DE /* Pods-vector-vectorTests.release.xcconfig */ = {isa = PBXFileReference; includeInIndex = 1; lastKnownFileType = text.xcconfig; name = "Pods-vector-vectorTests.release.xcconfig"; path = "Target Support Files/Pods-vector-vectorTests/Pods-vector-vectorTests.release.xcconfig"; sourceTree = "<group>"; };
		8D120A257A47437097FA2CE6 /* Montserrat.ttf */ = {isa = PBXFileReference; explicitFileType = undefined; fileEncoding = 9; includeInIndex = 0; lastKnownFileType = unknown; name = Montserrat.ttf; path = ../assets/fonts/Montserrat.ttf; sourceTree = "<group>"; };
		8F120D4828C94F8EA437D00C /* Montserrat-Thin.ttf */ = {isa = PBXFileReference; explicitFileType = undefined; fileEncoding = 9; includeInIndex = 0; lastKnownFileType = unknown; name = "Montserrat-Thin.ttf"; path = "../assets/fonts/Montserrat-Thin.ttf"; sourceTree = "<group>"; };
		9749B97A00E340A0BC56A040 /* Montserrat-ExtraLight.ttf */ = {isa = PBXFileReference; explicitFileType = undefined; fileEncoding = 9; includeInIndex = 0; lastKnownFileType = unknown; name = "Montserrat-ExtraLight.ttf"; path = "../assets/fonts/Montserrat-ExtraLight.ttf"; sourceTree = "<group>"; };
		A99142F063894686AD37D057 /* Montserrat-SemiBoldItalic.ttf */ = {isa = PBXFileReference; explicitFileType = undefined; fileEncoding = 9; includeInIndex = 0; lastKnownFileType = unknown; name = "Montserrat-SemiBoldItalic.ttf"; path = "../assets/fonts/Montserrat-SemiBoldItalic.ttf"; sourceTree = "<group>"; };
		AAD3AE785DE442DAAC0513C2 /* Lato-Italic.ttf */ = {isa = PBXFileReference; explicitFileType = undefined; fileEncoding = 9; includeInIndex = 0; lastKnownFileType = unknown; name = "Lato-Italic.ttf"; path = "../assets/fonts/Lato-Italic.ttf"; sourceTree = "<group>"; };
		BA60A01B6D3D4EE7B5C71254 /* Lato-LightItalic.ttf */ = {isa = PBXFileReference; explicitFileType = undefined; fileEncoding = 9; includeInIndex = 0; lastKnownFileType = unknown; name = "Lato-LightItalic.ttf"; path = "../assets/fonts/Lato-LightItalic.ttf"; sourceTree = "<group>"; };
		C5EAEA3992874CBBB8F09FD9 /* Montserrat-ThinItalic.ttf */ = {isa = PBXFileReference; explicitFileType = undefined; fileEncoding = 9; includeInIndex = 0; lastKnownFileType = unknown; name = "Montserrat-ThinItalic.ttf"; path = "../assets/fonts/Montserrat-ThinItalic.ttf"; sourceTree = "<group>"; };
		C77EDE9E283D4A8AB74D241E /* Montserrat-LightItalic.ttf */ = {isa = PBXFileReference; explicitFileType = undefined; fileEncoding = 9; includeInIndex = 0; lastKnownFileType = unknown; name = "Montserrat-LightItalic.ttf"; path = "../assets/fonts/Montserrat-LightItalic.ttf"; sourceTree = "<group>"; };
		C8291E37F37442C8A9D059D5 /* Montserrat-ExtraLightItalic.ttf */ = {isa = PBXFileReference; explicitFileType = undefined; fileEncoding = 9; includeInIndex = 0; lastKnownFileType = unknown; name = "Montserrat-ExtraLightItalic.ttf"; path = "../assets/fonts/Montserrat-ExtraLightItalic.ttf"; sourceTree = "<group>"; };
		CD76A3A752DC41CBB941C0AA /* Montserrat-Black.ttf */ = {isa = PBXFileReference; explicitFileType = undefined; fileEncoding = 9; includeInIndex = 0; lastKnownFileType = unknown; name = "Montserrat-Black.ttf"; path = "../assets/fonts/Montserrat-Black.ttf"; sourceTree = "<group>"; };
		CEE20F5517D445AD9B2E13C3 /* Montserrat-SemiBold.ttf */ = {isa = PBXFileReference; explicitFileType = undefined; fileEncoding = 9; includeInIndex = 0; lastKnownFileType = unknown; name = "Montserrat-SemiBold.ttf"; path = "../assets/fonts/Montserrat-SemiBold.ttf"; sourceTree = "<group>"; };
		D0F0A0A8D14848509BAFB9F1 /* Lato-Black.ttf */ = {isa = PBXFileReference; explicitFileType = undefined; fileEncoding = 9; includeInIndex = 0; lastKnownFileType = unknown; name = "Lato-Black.ttf"; path = "../assets/fonts/Lato-Black.ttf"; sourceTree = "<group>"; };
		DCABB94089E64072A75446D2 /* Lato-Regular.ttf */ = {isa = PBXFileReference; explicitFileType = undefined; fileEncoding = 9; includeInIndex = 0; lastKnownFileType = unknown; name = "Lato-Regular.ttf"; path = "../assets/fonts/Lato-Regular.ttf"; sourceTree = "<group>"; };
		ED297162215061F000B7C4FE /* JavaScriptCore.framework */ = {isa = PBXFileReference; lastKnownFileType = wrapper.framework; name = JavaScriptCore.framework; path = System/Library/Frameworks/JavaScriptCore.framework; sourceTree = SDKROOT; };
		FA9CDDF9B8A546C4BA257006 /* Montserrat-Bold.ttf */ = {isa = PBXFileReference; explicitFileType = undefined; fileEncoding = 9; includeInIndex = 0; lastKnownFileType = unknown; name = "Montserrat-Bold.ttf"; path = "../assets/fonts/Montserrat-Bold.ttf"; sourceTree = "<group>"; };
/* End PBXFileReference section */

/* Begin PBXFrameworksBuildPhase section */
		00E356EB1AD99517003FC87E /* Frameworks */ = {
			isa = PBXFrameworksBuildPhase;
			buildActionMask = 2147483647;
			files = (
				7699B88040F8A987B510C191 /* libPods-vector-vectorTests.a in Frameworks */,
			);
			runOnlyForDeploymentPostprocessing = 0;
		};
		13B07F8C1A680F5B00A75B9A /* Frameworks */ = {
			isa = PBXFrameworksBuildPhase;
			buildActionMask = 2147483647;
			files = (
				0C80B921A6F3F58F76C31292 /* libPods-vector.a in Frameworks */,
			);
			runOnlyForDeploymentPostprocessing = 0;
		};
/* End PBXFrameworksBuildPhase section */

/* Begin PBXGroup section */
		00E356EF1AD99517003FC87E /* vectorTests */ = {
			isa = PBXGroup;
			children = (
				00E356F21AD99517003FC87E /* vectorTests.m */,
				00E356F01AD99517003FC87E /* Supporting Files */,
			);
			path = vectorTests;
			sourceTree = "<group>";
		};
		00E356F01AD99517003FC87E /* Supporting Files */ = {
			isa = PBXGroup;
			children = (
				00E356F11AD99517003FC87E /* Info.plist */,
			);
			name = "Supporting Files";
			sourceTree = "<group>";
		};
		0ACDE5992B28BA3D00A63F93 /* Fonts */ = {
			isa = PBXGroup;
			children = (
				0ACDE59A2B28BA3D00A63F93 /* Fontisto.ttf */,
				0ACDE59B2B28BA3D00A63F93 /* Octicons.ttf */,
				0ACDE59C2B28BA3D00A63F93 /* Feather.ttf */,
				0ACDE59D2B28BA3D00A63F93 /* FontAwesome6_Regular.ttf */,
				0ACDE59E2B28BA3D00A63F93 /* Entypo.ttf */,
				0ACDE59F2B28BA3D00A63F93 /* FontAwesome5_Brands.ttf */,
				0ACDE5A02B28BA3D00A63F93 /* MaterialCommunityIcons.ttf */,
				0ACDE5A12B28BA3D00A63F93 /* AntDesign.ttf */,
				0ACDE5A22B28BA3D00A63F93 /* Foundation.ttf */,
				0ACDE5A32B28BA3D00A63F93 /* Ionicons.ttf */,
				0ACDE5A42B28BA3D00A63F93 /* FontAwesome5_Solid.ttf */,
				0ACDE5A52B28BA3D00A63F93 /* FontAwesome5_Regular.ttf */,
				0ACDE5A62B28BA3D00A63F93 /* FontAwesome.ttf */,
				0ACDE5A72B28BA3D00A63F93 /* Zocial.ttf */,
				0ACDE5A82B28BA3D00A63F93 /* EvilIcons.ttf */,
				0ACDE5A92B28BA3D00A63F93 /* FontAwesome6_Solid.ttf */,
				0ACDE5AA2B28BA3D00A63F93 /* SimpleLineIcons.ttf */,
				0ACDE5AB2B28BA3D00A63F93 /* FontAwesome6_Brands.ttf */,
				0ACDE5AC2B28BA3D00A63F93 /* MaterialIcons.ttf */,
			);
			name = Fonts;
			path = "../node_modules/react-native-vector-icons/Fonts";
			sourceTree = "<group>";
		};
		13B07FAE1A68108700A75B9A /* vector */ = {
			isa = PBXGroup;
			children = (
				13B07FAF1A68108700A75B9A /* AppDelegate.h */,
				13B07FB01A68108700A75B9A /* AppDelegate.mm */,
				13B07FB51A68108700A75B9A /* Images.xcassets */,
				13B07FB61A68108700A75B9A /* Info.plist */,
				81AB9BB72411601600AC10FF /* LaunchScreen.storyboard */,
				13B07FB71A68108700A75B9A /* main.m */,
			);
			name = vector;
			sourceTree = "<group>";
		};
		2D16E6871FA4F8E400B85C8A /* Frameworks */ = {
			isa = PBXGroup;
			children = (
				ED297162215061F000B7C4FE /* JavaScriptCore.framework */,
				5DCACB8F33CDC322A6C60F78 /* libPods-vector.a */,
				19F6CBCC0A4E27FBF8BF4A61 /* libPods-vector-vectorTests.a */,
			);
			name = Frameworks;
			sourceTree = "<group>";
		};
		7AE26E5ADC1440C9A9C42CA4 /* Resources */ = {
			isa = PBXGroup;
			children = (
				8D120A257A47437097FA2CE6 /* Montserrat.ttf */,
				D0F0A0A8D14848509BAFB9F1 /* Lato-Black.ttf */,
				0434AB75B80644E09A8DE357 /* Lato-BlackItalic.ttf */,
				419D310760A446EFBA49AE24 /* Lato-Bold.ttf */,
				5C8473D96C7D4D668FC99C65 /* Lato-BoldItalic.ttf */,
				AAD3AE785DE442DAAC0513C2 /* Lato-Italic.ttf */,
				183219BC45D34599B66854DC /* Lato-Light.ttf */,
				BA60A01B6D3D4EE7B5C71254 /* Lato-LightItalic.ttf */,
				DCABB94089E64072A75446D2 /* Lato-Regular.ttf */,
				20A0F76CDCA84F7381029552 /* Lato-Thin.ttf */,
				2481182FEC8044499FC0FFF0 /* Lato-ThinItalic.ttf */,
				CD76A3A752DC41CBB941C0AA /* Montserrat-Black.ttf */,
				24FC3972DB8C4C95B08B2650 /* Montserrat-BlackItalic.ttf */,
				FA9CDDF9B8A546C4BA257006 /* Montserrat-Bold.ttf */,
				0744FFB6F3DC4520B8253D14 /* Montserrat-BoldItalic.ttf */,
				1CF1446FF8694795A1B37FB3 /* Montserrat-ExtraBold.ttf */,
				2867A01770244E13ABC54832 /* Montserrat-ExtraBoldItalic.ttf */,
				9749B97A00E340A0BC56A040 /* Montserrat-ExtraLight.ttf */,
				C8291E37F37442C8A9D059D5 /* Montserrat-ExtraLightItalic.ttf */,
				44A7E01D5E3247F381A0C9CE /* Montserrat-Italic.ttf */,
				3C8A556A7DC4492288F14965 /* Montserrat-Light.ttf */,
				C77EDE9E283D4A8AB74D241E /* Montserrat-LightItalic.ttf */,
				290FE5ED342B46F58FE666C3 /* Montserrat-Medium.ttf */,
				08FF13EF34FB473699967AF3 /* Montserrat-MediumItalic.ttf */,
				291717B9AC724C47BE9F0BCE /* Montserrat-Regular.ttf */,
				CEE20F5517D445AD9B2E13C3 /* Montserrat-SemiBold.ttf */,
				A99142F063894686AD37D057 /* Montserrat-SemiBoldItalic.ttf */,
				8F120D4828C94F8EA437D00C /* Montserrat-Thin.ttf */,
				C5EAEA3992874CBBB8F09FD9 /* Montserrat-ThinItalic.ttf */,
			);
			name = Resources;
			sourceTree = "<group>";
		};
		832341AE1AAA6A7D00B99B32 /* Libraries */ = {
			isa = PBXGroup;
			children = (
			);
			name = Libraries;
			sourceTree = "<group>";
		};
		83CBB9F61A601CBA00E9B192 = {
			isa = PBXGroup;
			children = (
				0ACDE5992B28BA3D00A63F93 /* Fonts */,
				13B07FAE1A68108700A75B9A /* vector */,
				832341AE1AAA6A7D00B99B32 /* Libraries */,
				00E356EF1AD99517003FC87E /* vectorTests */,
				83CBBA001A601CBA00E9B192 /* Products */,
				2D16E6871FA4F8E400B85C8A /* Frameworks */,
				BBD78D7AC51CEA395F1C20DB /* Pods */,
				7AE26E5ADC1440C9A9C42CA4 /* Resources */,
			);
			indentWidth = 2;
			sourceTree = "<group>";
			tabWidth = 2;
			usesTabs = 0;
		};
		83CBBA001A601CBA00E9B192 /* Products */ = {
			isa = PBXGroup;
			children = (
				13B07F961A680F5B00A75B9A /* vector.app */,
				00E356EE1AD99517003FC87E /* vectorTests.xctest */,
			);
			name = Products;
			sourceTree = "<group>";
		};
		BBD78D7AC51CEA395F1C20DB /* Pods */ = {
			isa = PBXGroup;
			children = (
				3B4392A12AC88292D35C810B /* Pods-vector.debug.xcconfig */,
				5709B34CF0A7D63546082F79 /* Pods-vector.release.xcconfig */,
				5B7EB9410499542E8C5724F5 /* Pods-vector-vectorTests.debug.xcconfig */,
				89C6BE57DB24E9ADA2F236DE /* Pods-vector-vectorTests.release.xcconfig */,
			);
			path = Pods;
			sourceTree = "<group>";
		};
/* End PBXGroup section */

/* Begin PBXNativeTarget section */
		00E356ED1AD99517003FC87E /* vectorTests */ = {
			isa = PBXNativeTarget;
			buildConfigurationList = 00E357021AD99517003FC87E /* Build configuration list for PBXNativeTarget "vectorTests" */;
			buildPhases = (
				A55EABD7B0C7F3A422A6CC61 /* [CP] Check Pods Manifest.lock */,
				00E356EA1AD99517003FC87E /* Sources */,
				00E356EB1AD99517003FC87E /* Frameworks */,
				00E356EC1AD99517003FC87E /* Resources */,
				F6A41C54EA430FDDC6A6ED99 /* [CP] Copy Pods Resources */,
				715F387CE601C45B07D434A2 /* [CP] Embed Pods Frameworks */,
			);
			buildRules = (
			);
			dependencies = (
				00E356F51AD99517003FC87E /* PBXTargetDependency */,
			);
			name = vectorTests;
			productName = vectorTests;
			productReference = 00E356EE1AD99517003FC87E /* vectorTests.xctest */;
			productType = "com.apple.product-type.bundle.unit-test";
		};
		13B07F861A680F5B00A75B9A /* vector */ = {
			isa = PBXNativeTarget;
			buildConfigurationList = 13B07F931A680F5B00A75B9A /* Build configuration list for PBXNativeTarget "vector" */;
			buildPhases = (
				C38B50BA6285516D6DCD4F65 /* [CP] Check Pods Manifest.lock */,
				FD10A7F022414F080027D42C /* Start Packager */,
				13B07F871A680F5B00A75B9A /* Sources */,
				13B07F8C1A680F5B00A75B9A /* Frameworks */,
				00DD1BFF1BD5951E006B06BC /* Bundle React Native code and images */,
				E235C05ADACE081382539298 /* [CP] Copy Pods Resources */,
				0ACDE5AD2B28BB8F00A63F93 /* Resources */,
				88F269ABAFDAE062085FDB3F /* [CP] Embed Pods Frameworks */,
			);
			buildRules = (
			);
			dependencies = (
			);
			name = vector;
			productName = vector;
			productReference = 13B07F961A680F5B00A75B9A /* vector.app */;
			productType = "com.apple.product-type.application";
		};
/* End PBXNativeTarget section */

/* Begin PBXProject section */
		83CBB9F71A601CBA00E9B192 /* Project object */ = {
			isa = PBXProject;
			attributes = {
				LastUpgradeCheck = 1210;
				TargetAttributes = {
					00E356ED1AD99517003FC87E = {
						CreatedOnToolsVersion = 6.2;
						TestTargetID = 13B07F861A680F5B00A75B9A;
					};
					13B07F861A680F5B00A75B9A = {
						LastSwiftMigration = 1120;
					};
				};
			};
			buildConfigurationList = 83CBB9FA1A601CBA00E9B192 /* Build configuration list for PBXProject "vector" */;
			compatibilityVersion = "Xcode 12.0";
			developmentRegion = en;
			hasScannedForEncodings = 0;
			knownRegions = (
				en,
				Base,
			);
			mainGroup = 83CBB9F61A601CBA00E9B192;
			productRefGroup = 83CBBA001A601CBA00E9B192 /* Products */;
			projectDirPath = "";
			projectRoot = "";
			targets = (
				13B07F861A680F5B00A75B9A /* vector */,
				00E356ED1AD99517003FC87E /* vectorTests */,
			);
		};
/* End PBXProject section */

/* Begin PBXResourcesBuildPhase section */
		00E356EC1AD99517003FC87E /* Resources */ = {
			isa = PBXResourcesBuildPhase;
			buildActionMask = 2147483647;
			files = (
			);
			runOnlyForDeploymentPostprocessing = 0;
		};
		0ACDE5AD2B28BB8F00A63F93 /* Resources */ = {
			isa = PBXResourcesBuildPhase;
			buildActionMask = 2147483647;
			files = (
				0ACDE5AE2B28BB9700A63F93 /* Fontisto.ttf in Resources */,
				0ACDE5AF2B28BB9700A63F93 /* Octicons.ttf in Resources */,
				0ACDE5B02B28BB9700A63F93 /* Feather.ttf in Resources */,
				0ACDE5B12B28BB9700A63F93 /* FontAwesome6_Regular.ttf in Resources */,
				0ACDE5B22B28BB9700A63F93 /* Entypo.ttf in Resources */,
				0ACDE5B32B28BB9700A63F93 /* FontAwesome5_Brands.ttf in Resources */,
				0ACDE5B42B28BB9700A63F93 /* MaterialCommunityIcons.ttf in Resources */,
				0ACDE5B52B28BB9700A63F93 /* AntDesign.ttf in Resources */,
				0ACDE5B62B28BB9700A63F93 /* Foundation.ttf in Resources */,
				0ACDE5B72B28BB9700A63F93 /* Ionicons.ttf in Resources */,
				0ACDE5B82B28BB9700A63F93 /* FontAwesome5_Solid.ttf in Resources */,
				0ACDE5B92B28BB9700A63F93 /* FontAwesome5_Regular.ttf in Resources */,
				0ACDE5BA2B28BB9700A63F93 /* FontAwesome.ttf in Resources */,
				0ACDE5BB2B28BB9700A63F93 /* Zocial.ttf in Resources */,
				0ACDE5BC2B28BB9700A63F93 /* EvilIcons.ttf in Resources */,
				0ACDE5BD2B28BB9700A63F93 /* FontAwesome6_Solid.ttf in Resources */,
				0ACDE5BE2B28BB9700A63F93 /* SimpleLineIcons.ttf in Resources */,
				0ACDE5BF2B28BB9700A63F93 /* FontAwesome6_Brands.ttf in Resources */,
				0ACDE5C02B28BB9700A63F93 /* MaterialIcons.ttf in Resources */,
				AF60C9D6F7174EAAAD5D140D /* Montserrat.ttf in Resources */,
				9F8225E4667E4093AD84CB39 /* Lato-Black.ttf in Resources */,
				2A5953429FE84FE18CD64B62 /* Lato-BlackItalic.ttf in Resources */,
				626083C3A218425CBD875598 /* Lato-Bold.ttf in Resources */,
				C5CEE63EF8874E40BBD6CC20 /* Lato-BoldItalic.ttf in Resources */,
				89A8359CAA964442BBF0C843 /* Lato-Italic.ttf in Resources */,
				BA1C71DA1FCC4243AE0A8C57 /* Lato-Light.ttf in Resources */,
				E409151217764142AAF8A76C /* Lato-LightItalic.ttf in Resources */,
				316D2D3581CF46E1A007BAF5 /* Lato-Regular.ttf in Resources */,
				5F87A9620B804635AC56719D /* Lato-Thin.ttf in Resources */,
				728E290C67EE44839666B917 /* Lato-ThinItalic.ttf in Resources */,
				5929EC0ED9D949468337465F /* Montserrat-Black.ttf in Resources */,
				619A8B0E9A1E4C4D8B9F93EF /* Montserrat-BlackItalic.ttf in Resources */,
				4B2AB581B4F34F7B98AE3C73 /* Montserrat-Bold.ttf in Resources */,
				82964666BBC349A58EA20531 /* Montserrat-BoldItalic.ttf in Resources */,
				0F485086814D40C4B9CC30BE /* Montserrat-ExtraBold.ttf in Resources */,
				80B58EAD29B54EB3AB0A10A7 /* Montserrat-ExtraBoldItalic.ttf in Resources */,
				3AEBD7B2A5504884812F2AA5 /* Montserrat-ExtraLight.ttf in Resources */,
				680B0C3EE6DC4B43AC4A365B /* Montserrat-ExtraLightItalic.ttf in Resources */,
				38C42DEB122B42EBAE161EBE /* Montserrat-Italic.ttf in Resources */,
				38C3C01310054E038F7C5111 /* Montserrat-Light.ttf in Resources */,
				29F85B7BBFC5407F822B5C97 /* Montserrat-LightItalic.ttf in Resources */,
				CBA0620428F8462AB7DFDD3A /* Montserrat-Medium.ttf in Resources */,
				CC1C7D30425C4359A6056633 /* Montserrat-MediumItalic.ttf in Resources */,
				E1CEC84E6BFD4F96B3DE5361 /* Montserrat-Regular.ttf in Resources */,
				4F8B72D6BA3247E0AF5DB2F7 /* Montserrat-SemiBold.ttf in Resources */,
				6EE214EBC3BD4CBC9F5A0A2E /* Montserrat-SemiBoldItalic.ttf in Resources */,
				4A33D01E479F4B939C202041 /* Montserrat-Thin.ttf in Resources */,
				4416FCBBC517401C97013F6A /* Montserrat-ThinItalic.ttf in Resources */,
			);
			runOnlyForDeploymentPostprocessing = 0;
		};
/* End PBXResourcesBuildPhase section */

/* Begin PBXShellScriptBuildPhase section */
		00DD1BFF1BD5951E006B06BC /* Bundle React Native code and images */ = {
			isa = PBXShellScriptBuildPhase;
			buildActionMask = 2147483647;
			files = (
			);
			inputPaths = (
				"$(SRCROOT)/.xcode.env.local",
				"$(SRCROOT)/.xcode.env",
			);
			name = "Bundle React Native code and images";
			outputPaths = (
			);
			runOnlyForDeploymentPostprocessing = 0;
			shellPath = /bin/sh;
			shellScript = "set -e\n\nWITH_ENVIRONMENT=\"../node_modules/react-native/scripts/xcode/with-environment.sh\"\nREACT_NATIVE_XCODE=\"../node_modules/react-native/scripts/react-native-xcode.sh\"\n\n/bin/sh -c \"$WITH_ENVIRONMENT $REACT_NATIVE_XCODE\"\n";
		};
		715F387CE601C45B07D434A2 /* [CP] Embed Pods Frameworks */ = {
			isa = PBXShellScriptBuildPhase;
			buildActionMask = 2147483647;
			files = (
			);
			inputFileListPaths = (
				"${PODS_ROOT}/Target Support Files/Pods-vector-vectorTests/Pods-vector-vectorTests-frameworks-${CONFIGURATION}-input-files.xcfilelist",
			);
			name = "[CP] Embed Pods Frameworks";
			outputFileListPaths = (
				"${PODS_ROOT}/Target Support Files/Pods-vector-vectorTests/Pods-vector-vectorTests-frameworks-${CONFIGURATION}-output-files.xcfilelist",
			);
			runOnlyForDeploymentPostprocessing = 0;
			shellPath = /bin/sh;
			shellScript = "\"${PODS_ROOT}/Target Support Files/Pods-vector-vectorTests/Pods-vector-vectorTests-frameworks.sh\"\n";
			showEnvVarsInLog = 0;
		};
		88F269ABAFDAE062085FDB3F /* [CP] Embed Pods Frameworks */ = {
			isa = PBXShellScriptBuildPhase;
			buildActionMask = 2147483647;
			files = (
			);
			inputFileListPaths = (
				"${PODS_ROOT}/Target Support Files/Pods-vector/Pods-vector-frameworks-${CONFIGURATION}-input-files.xcfilelist",
			);
			name = "[CP] Embed Pods Frameworks";
			outputFileListPaths = (
				"${PODS_ROOT}/Target Support Files/Pods-vector/Pods-vector-frameworks-${CONFIGURATION}-output-files.xcfilelist",
			);
			runOnlyForDeploymentPostprocessing = 0;
			shellPath = /bin/sh;
			shellScript = "\"${PODS_ROOT}/Target Support Files/Pods-vector/Pods-vector-frameworks.sh\"\n";
			showEnvVarsInLog = 0;
		};
		A55EABD7B0C7F3A422A6CC61 /* [CP] Check Pods Manifest.lock */ = {
			isa = PBXShellScriptBuildPhase;
			buildActionMask = 2147483647;
			files = (
			);
			inputFileListPaths = (
			);
			inputPaths = (
				"${PODS_PODFILE_DIR_PATH}/Podfile.lock",
				"${PODS_ROOT}/Manifest.lock",
			);
			name = "[CP] Check Pods Manifest.lock";
			outputFileListPaths = (
			);
			outputPaths = (
				"$(DERIVED_FILE_DIR)/Pods-vector-vectorTests-checkManifestLockResult.txt",
			);
			runOnlyForDeploymentPostprocessing = 0;
			shellPath = /bin/sh;
			shellScript = "diff \"${PODS_PODFILE_DIR_PATH}/Podfile.lock\" \"${PODS_ROOT}/Manifest.lock\" > /dev/null\nif [ $? != 0 ] ; then\n    # print error to STDERR\n    echo \"error: The sandbox is not in sync with the Podfile.lock. Run 'pod install' or update your CocoaPods installation.\" >&2\n    exit 1\nfi\n# This output is used by Xcode 'outputs' to avoid re-running this script phase.\necho \"SUCCESS\" > \"${SCRIPT_OUTPUT_FILE_0}\"\n";
			showEnvVarsInLog = 0;
		};
		C38B50BA6285516D6DCD4F65 /* [CP] Check Pods Manifest.lock */ = {
			isa = PBXShellScriptBuildPhase;
			buildActionMask = 2147483647;
			files = (
			);
			inputFileListPaths = (
			);
			inputPaths = (
				"${PODS_PODFILE_DIR_PATH}/Podfile.lock",
				"${PODS_ROOT}/Manifest.lock",
			);
			name = "[CP] Check Pods Manifest.lock";
			outputFileListPaths = (
			);
			outputPaths = (
				"$(DERIVED_FILE_DIR)/Pods-vector-checkManifestLockResult.txt",
			);
			runOnlyForDeploymentPostprocessing = 0;
			shellPath = /bin/sh;
			shellScript = "diff \"${PODS_PODFILE_DIR_PATH}/Podfile.lock\" \"${PODS_ROOT}/Manifest.lock\" > /dev/null\nif [ $? != 0 ] ; then\n    # print error to STDERR\n    echo \"error: The sandbox is not in sync with the Podfile.lock. Run 'pod install' or update your CocoaPods installation.\" >&2\n    exit 1\nfi\n# This output is used by Xcode 'outputs' to avoid re-running this script phase.\necho \"SUCCESS\" > \"${SCRIPT_OUTPUT_FILE_0}\"\n";
			showEnvVarsInLog = 0;
		};
		E235C05ADACE081382539298 /* [CP] Copy Pods Resources */ = {
			isa = PBXShellScriptBuildPhase;
			alwaysOutOfDate = 1;
			buildActionMask = 8;
			files = (
			);
			inputFileListPaths = (
				"${PODS_ROOT}/Target Support Files/Pods-vector/Pods-vector-resources-${CONFIGURATION}-input-files.xcfilelist",
			);
			name = "[CP] Copy Pods Resources";
			outputFileListPaths = (
				"${PODS_ROOT}/Target Support Files/Pods-vector/Pods-vector-resources-${CONFIGURATION}-output-files.xcfilelist",
			);
			runOnlyForDeploymentPostprocessing = 1;
			shellPath = /bin/sh;
			shellScript = "\"${PODS_ROOT}/Target Support Files/Pods-vector/Pods-vector-resources.sh\"\n";
			showEnvVarsInLog = 0;
		};
		F6A41C54EA430FDDC6A6ED99 /* [CP] Copy Pods Resources */ = {
			isa = PBXShellScriptBuildPhase;
			buildActionMask = 2147483647;
			files = (
			);
			inputFileListPaths = (
				"${PODS_ROOT}/Target Support Files/Pods-vector-vectorTests/Pods-vector-vectorTests-resources-${CONFIGURATION}-input-files.xcfilelist",
			);
			name = "[CP] Copy Pods Resources";
			outputFileListPaths = (
				"${PODS_ROOT}/Target Support Files/Pods-vector-vectorTests/Pods-vector-vectorTests-resources-${CONFIGURATION}-output-files.xcfilelist",
			);
			runOnlyForDeploymentPostprocessing = 0;
			shellPath = /bin/sh;
			shellScript = "\"${PODS_ROOT}/Target Support Files/Pods-vector-vectorTests/Pods-vector-vectorTests-resources.sh\"\n";
			showEnvVarsInLog = 0;
		};
		FD10A7F022414F080027D42C /* Start Packager */ = {
			isa = PBXShellScriptBuildPhase;
			buildActionMask = 2147483647;
			files = (
			);
			inputFileListPaths = (
			);
			inputPaths = (
			);
			name = "Start Packager";
			outputFileListPaths = (
			);
			outputPaths = (
			);
			runOnlyForDeploymentPostprocessing = 0;
			shellPath = /bin/sh;
			shellScript = "export RCT_METRO_PORT=\"${RCT_METRO_PORT:=8081}\"\necho \"export RCT_METRO_PORT=${RCT_METRO_PORT}\" > \"${SRCROOT}/../node_modules/react-native/scripts/.packager.env\"\nif [ -z \"${RCT_NO_LAUNCH_PACKAGER+xxx}\" ] ; then\n  if nc -w 5 -z localhost ${RCT_METRO_PORT} ; then\n    if ! curl -s \"http://localhost:${RCT_METRO_PORT}/status\" | grep -q \"packager-status:running\" ; then\n      echo \"Port ${RCT_METRO_PORT} already in use, packager is either not running or not running correctly\"\n      exit 2\n    fi\n  else\n    open \"$SRCROOT/../node_modules/react-native/scripts/launchPackager.command\" || echo \"Can't start packager automatically\"\n  fi\nfi\n";
			showEnvVarsInLog = 0;
		};
/* End PBXShellScriptBuildPhase section */

/* Begin PBXSourcesBuildPhase section */
		00E356EA1AD99517003FC87E /* Sources */ = {
			isa = PBXSourcesBuildPhase;
			buildActionMask = 2147483647;
			files = (
				00E356F31AD99517003FC87E /* vectorTests.m in Sources */,
			);
			runOnlyForDeploymentPostprocessing = 0;
		};
		13B07F871A680F5B00A75B9A /* Sources */ = {
			isa = PBXSourcesBuildPhase;
			buildActionMask = 2147483647;
			files = (
				13B07FBC1A68108700A75B9A /* AppDelegate.mm in Sources */,
				13B07FC11A68108700A75B9A /* main.m in Sources */,
			);
			runOnlyForDeploymentPostprocessing = 0;
		};
/* End PBXSourcesBuildPhase section */

/* Begin PBXTargetDependency section */
		00E356F51AD99517003FC87E /* PBXTargetDependency */ = {
			isa = PBXTargetDependency;
			target = 13B07F861A680F5B00A75B9A /* vector */;
			targetProxy = 00E356F41AD99517003FC87E /* PBXContainerItemProxy */;
		};
/* End PBXTargetDependency section */

/* Begin XCBuildConfiguration section */
		00E356F61AD99517003FC87E /* Debug */ = {
			isa = XCBuildConfiguration;
			baseConfigurationReference = 5B7EB9410499542E8C5724F5 /* Pods-vector-vectorTests.debug.xcconfig */;
			buildSettings = {
				BUNDLE_LOADER = "$(TEST_HOST)";
				DEVELOPMENT_TEAM = TSF549B7KA;
				GCC_PREPROCESSOR_DEFINITIONS = (
					"DEBUG=1",
					"$(inherited)",
				);
				INFOPLIST_FILE = vectorTests/Info.plist;
				IPHONEOS_DEPLOYMENT_TARGET = 12.0;
				LD_RUNPATH_SEARCH_PATHS = (
					"$(inherited)",
					"@executable_path/Frameworks",
					"@loader_path/Frameworks",
				);
				OTHER_LDFLAGS = (
					"-ObjC",
					"-lc++",
					"$(inherited)",
				);
				PRODUCT_BUNDLE_IDENTIFIER = "org.reactjs.native.example.$(PRODUCT_NAME:rfc1034identifier)";
				PRODUCT_NAME = "$(TARGET_NAME)";
				TEST_HOST = "$(BUILT_PRODUCTS_DIR)/vector.app/vector";
			};
			name = Debug;
		};
		00E356F71AD99517003FC87E /* Release */ = {
			isa = XCBuildConfiguration;
			baseConfigurationReference = 89C6BE57DB24E9ADA2F236DE /* Pods-vector-vectorTests.release.xcconfig */;
			buildSettings = {
				BUNDLE_LOADER = "$(TEST_HOST)";
				COPY_PHASE_STRIP = NO;
				DEVELOPMENT_TEAM = TSF549B7KA;
				INFOPLIST_FILE = vectorTests/Info.plist;
				IPHONEOS_DEPLOYMENT_TARGET = 12.0;
				LD_RUNPATH_SEARCH_PATHS = (
					"$(inherited)",
					"@executable_path/Frameworks",
					"@loader_path/Frameworks",
				);
				OTHER_LDFLAGS = (
					"-ObjC",
					"-lc++",
					"$(inherited)",
				);
				PRODUCT_BUNDLE_IDENTIFIER = "org.reactjs.native.example.$(PRODUCT_NAME:rfc1034identifier)";
				PRODUCT_NAME = "$(TARGET_NAME)";
				TEST_HOST = "$(BUILT_PRODUCTS_DIR)/vector.app/vector";
			};
			name = Release;
		};
		13B07F941A680F5B00A75B9A /* Debug */ = {
			isa = XCBuildConfiguration;
			baseConfigurationReference = 3B4392A12AC88292D35C810B /* Pods-vector.debug.xcconfig */;
			buildSettings = {
				ASSETCATALOG_COMPILER_APPICON_NAME = AppIcon;
				CLANG_ENABLE_MODULES = YES;
				CODE_SIGN_IDENTITY = "Apple Development";
				CODE_SIGN_STYLE = Automatic;
				CURRENT_PROJECT_VERSION = 1;
				DEVELOPMENT_TEAM = TSF549B7KA;
				ENABLE_BITCODE = NO;
				INFOPLIST_FILE = vector/Info.plist;
				IPHONEOS_DEPLOYMENT_TARGET = 12.0;
				LD_RUNPATH_SEARCH_PATHS = (
					"$(inherited)",
					"@executable_path/Frameworks",
				);
				MARKETING_VERSION = 1.0;
				OTHER_LDFLAGS = (
					"$(inherited)",
					"-ObjC",
					"-lc++",
				);
				PRODUCT_BUNDLE_IDENTIFIER = org.reactjs.native.test.vector;
				PRODUCT_NAME = vector;
				PROVISIONING_PROFILE_SPECIFIER = "";
				SWIFT_OPTIMIZATION_LEVEL = "-Onone";
				SWIFT_VERSION = 5.0;
				VERSIONING_SYSTEM = "apple-generic";
			};
			name = Debug;
		};
		13B07F951A680F5B00A75B9A /* Release */ = {
			isa = XCBuildConfiguration;
			baseConfigurationReference = 5709B34CF0A7D63546082F79 /* Pods-vector.release.xcconfig */;
			buildSettings = {
				ASSETCATALOG_COMPILER_APPICON_NAME = AppIcon;
				CLANG_ENABLE_MODULES = YES;
				CODE_SIGN_IDENTITY = "Apple Development";
				CODE_SIGN_STYLE = Automatic;
				CURRENT_PROJECT_VERSION = 1;
				DEVELOPMENT_TEAM = TSF549B7KA;
				INFOPLIST_FILE = vector/Info.plist;
				IPHONEOS_DEPLOYMENT_TARGET = 12.0;
				LD_RUNPATH_SEARCH_PATHS = (
					"$(inherited)",
					"@executable_path/Frameworks",
				);
				MARKETING_VERSION = 1.0;
				OTHER_LDFLAGS = (
					"$(inherited)",
					"-ObjC",
					"-lc++",
				);
				PRODUCT_BUNDLE_IDENTIFIER = org.reactjs.native.test.vector;
				PRODUCT_NAME = vector;
				PROVISIONING_PROFILE_SPECIFIER = "";
				SWIFT_VERSION = 5.0;
				VERSIONING_SYSTEM = "apple-generic";
			};
			name = Release;
		};
		83CBBA201A601CBA00E9B192 /* Debug */ = {
			isa = XCBuildConfiguration;
			buildSettings = {
				ALWAYS_SEARCH_USER_PATHS = NO;
				CLANG_ANALYZER_LOCALIZABILITY_NONLOCALIZED = YES;
				CLANG_CXX_LANGUAGE_STANDARD = "c++17";
				CLANG_CXX_LIBRARY = "libc++";
				CLANG_ENABLE_MODULES = YES;
				CLANG_ENABLE_OBJC_ARC = YES;
				CLANG_WARN_BLOCK_CAPTURE_AUTORELEASING = YES;
				CLANG_WARN_BOOL_CONVERSION = YES;
				CLANG_WARN_COMMA = YES;
				CLANG_WARN_CONSTANT_CONVERSION = YES;
				CLANG_WARN_DEPRECATED_OBJC_IMPLEMENTATIONS = YES;
				CLANG_WARN_DIRECT_OBJC_ISA_USAGE = YES_ERROR;
				CLANG_WARN_EMPTY_BODY = YES;
				CLANG_WARN_ENUM_CONVERSION = YES;
				CLANG_WARN_INFINITE_RECURSION = YES;
				CLANG_WARN_INT_CONVERSION = YES;
				CLANG_WARN_NON_LITERAL_NULL_CONVERSION = YES;
				CLANG_WARN_OBJC_IMPLICIT_RETAIN_SELF = YES;
				CLANG_WARN_OBJC_LITERAL_CONVERSION = YES;
				CLANG_WARN_OBJC_ROOT_CLASS = YES_ERROR;
				CLANG_WARN_QUOTED_INCLUDE_IN_FRAMEWORK_HEADER = YES;
				CLANG_WARN_RANGE_LOOP_ANALYSIS = YES;
				CLANG_WARN_STRICT_PROTOTYPES = YES;
				CLANG_WARN_SUSPICIOUS_MOVE = YES;
				CLANG_WARN_UNREACHABLE_CODE = YES;
				CLANG_WARN__DUPLICATE_METHOD_MATCH = YES;
				"CODE_SIGN_IDENTITY[sdk=iphoneos*]" = "iPhone Developer";
				COPY_PHASE_STRIP = NO;
				ENABLE_STRICT_OBJC_MSGSEND = YES;
				ENABLE_TESTABILITY = YES;
				"EXCLUDED_ARCHS[sdk=iphonesimulator*]" = i386;
				GCC_C_LANGUAGE_STANDARD = gnu99;
				GCC_DYNAMIC_NO_PIC = NO;
				GCC_NO_COMMON_BLOCKS = YES;
				GCC_OPTIMIZATION_LEVEL = 0;
				GCC_PREPROCESSOR_DEFINITIONS = (
					"DEBUG=1",
					"$(inherited)",
					_LIBCPP_ENABLE_CXX17_REMOVED_UNARY_BINARY_FUNCTION,
				);
				GCC_SYMBOLS_PRIVATE_EXTERN = NO;
				GCC_WARN_64_TO_32_BIT_CONVERSION = YES;
				GCC_WARN_ABOUT_RETURN_TYPE = YES_ERROR;
				GCC_WARN_UNDECLARED_SELECTOR = YES;
				GCC_WARN_UNINITIALIZED_AUTOS = YES_AGGRESSIVE;
				GCC_WARN_UNUSED_FUNCTION = YES;
				GCC_WARN_UNUSED_VARIABLE = YES;
				IPHONEOS_DEPLOYMENT_TARGET = 12.4;
				LD_RUNPATH_SEARCH_PATHS = (
					/usr/lib/swift,
					"$(inherited)",
				);
				LIBRARY_SEARCH_PATHS = (
					"\"$(SDKROOT)/usr/lib/swift\"",
					"\"$(TOOLCHAIN_DIR)/usr/lib/swift/$(PLATFORM_NAME)\"",
					"\"$(inherited)\"",
				);
				MTL_ENABLE_DEBUG_INFO = YES;
				ONLY_ACTIVE_ARCH = YES;
				OTHER_CFLAGS = "$(inherited)";
				OTHER_CPLUSPLUSFLAGS = (
					"$(OTHER_CFLAGS)",
					"-DFOLLY_NO_CONFIG",
					"-DFOLLY_MOBILE=1",
					"-DFOLLY_USE_LIBCPP=1",
				);
				OTHER_LDFLAGS = (
					"$(inherited)",
					"-Wl",
					"-ld_classic",
				);
				REACT_NATIVE_PATH = "${PODS_ROOT}/../../node_modules/react-native";
				SDKROOT = iphoneos;
			};
			name = Debug;
		};
		83CBBA211A601CBA00E9B192 /* Release */ = {
			isa = XCBuildConfiguration;
			buildSettings = {
				ALWAYS_SEARCH_USER_PATHS = NO;
				CLANG_ANALYZER_LOCALIZABILITY_NONLOCALIZED = YES;
				CLANG_CXX_LANGUAGE_STANDARD = "c++17";
				CLANG_CXX_LIBRARY = "libc++";
				CLANG_ENABLE_MODULES = YES;
				CLANG_ENABLE_OBJC_ARC = YES;
				CLANG_WARN_BLOCK_CAPTURE_AUTORELEASING = YES;
				CLANG_WARN_BOOL_CONVERSION = YES;
				CLANG_WARN_COMMA = YES;
				CLANG_WARN_CONSTANT_CONVERSION = YES;
				CLANG_WARN_DEPRECATED_OBJC_IMPLEMENTATIONS = YES;
				CLANG_WARN_DIRECT_OBJC_ISA_USAGE = YES_ERROR;
				CLANG_WARN_EMPTY_BODY = YES;
				CLANG_WARN_ENUM_CONVERSION = YES;
				CLANG_WARN_INFINITE_RECURSION = YES;
				CLANG_WARN_INT_CONVERSION = YES;
				CLANG_WARN_NON_LITERAL_NULL_CONVERSION = YES;
				CLANG_WARN_OBJC_IMPLICIT_RETAIN_SELF = YES;
				CLANG_WARN_OBJC_LITERAL_CONVERSION = YES;
				CLANG_WARN_OBJC_ROOT_CLASS = YES_ERROR;
				CLANG_WARN_QUOTED_INCLUDE_IN_FRAMEWORK_HEADER = YES;
				CLANG_WARN_RANGE_LOOP_ANALYSIS = YES;
				CLANG_WARN_STRICT_PROTOTYPES = YES;
				CLANG_WARN_SUSPICIOUS_MOVE = YES;
				CLANG_WARN_UNREACHABLE_CODE = YES;
				CLANG_WARN__DUPLICATE_METHOD_MATCH = YES;
				"CODE_SIGN_IDENTITY[sdk=iphoneos*]" = "iPhone Developer";
				COPY_PHASE_STRIP = YES;
				ENABLE_NS_ASSERTIONS = NO;
				ENABLE_STRICT_OBJC_MSGSEND = YES;
				"EXCLUDED_ARCHS[sdk=iphonesimulator*]" = i386;
				GCC_C_LANGUAGE_STANDARD = gnu99;
				GCC_NO_COMMON_BLOCKS = YES;
				GCC_PREPROCESSOR_DEFINITIONS = (
					"$(inherited)",
					_LIBCPP_ENABLE_CXX17_REMOVED_UNARY_BINARY_FUNCTION,
				);
				GCC_WARN_64_TO_32_BIT_CONVERSION = YES;
				GCC_WARN_ABOUT_RETURN_TYPE = YES_ERROR;
				GCC_WARN_UNDECLARED_SELECTOR = YES;
				GCC_WARN_UNINITIALIZED_AUTOS = YES_AGGRESSIVE;
				GCC_WARN_UNUSED_FUNCTION = YES;
				GCC_WARN_UNUSED_VARIABLE = YES;
				IPHONEOS_DEPLOYMENT_TARGET = 12.4;
				LD_RUNPATH_SEARCH_PATHS = (
					/usr/lib/swift,
					"$(inherited)",
				);
				LIBRARY_SEARCH_PATHS = (
					"\"$(SDKROOT)/usr/lib/swift\"",
					"\"$(TOOLCHAIN_DIR)/usr/lib/swift/$(PLATFORM_NAME)\"",
					"\"$(inherited)\"",
				);
				MTL_ENABLE_DEBUG_INFO = NO;
				OTHER_CFLAGS = "$(inherited)";
				OTHER_CPLUSPLUSFLAGS = (
					"$(OTHER_CFLAGS)",
					"-DFOLLY_NO_CONFIG",
					"-DFOLLY_MOBILE=1",
					"-DFOLLY_USE_LIBCPP=1",
				);
				OTHER_LDFLAGS = (
					"$(inherited)",
					"-Wl",
					"-ld_classic",
				);
				REACT_NATIVE_PATH = "${PODS_ROOT}/../../node_modules/react-native";
				SDKROOT = iphoneos;
				VALIDATE_PRODUCT = YES;
			};
			name = Release;
		};
/* End XCBuildConfiguration section */

/* Begin XCConfigurationList section */
		00E357021AD99517003FC87E /* Build configuration list for PBXNativeTarget "vectorTests" */ = {
			isa = XCConfigurationList;
			buildConfigurations = (
				00E356F61AD99517003FC87E /* Debug */,
				00E356F71AD99517003FC87E /* Release */,
			);
			defaultConfigurationIsVisible = 0;
			defaultConfigurationName = Release;
		};
		13B07F931A680F5B00A75B9A /* Build configuration list for PBXNativeTarget "vector" */ = {
			isa = XCConfigurationList;
			buildConfigurations = (
				13B07F941A680F5B00A75B9A /* Debug */,
				13B07F951A680F5B00A75B9A /* Release */,
			);
			defaultConfigurationIsVisible = 0;
			defaultConfigurationName = Release;
		};
		83CBB9FA1A601CBA00E9B192 /* Build configuration list for PBXProject "vector" */ = {
			isa = XCConfigurationList;
			buildConfigurations = (
				83CBBA201A601CBA00E9B192 /* Debug */,
				83CBBA211A601CBA00E9B192 /* Release */,
			);
			defaultConfigurationIsVisible = 0;
			defaultConfigurationName = Release;
		};
/* End XCConfigurationList section */
	};
	rootObject = 83CBB9F71A601CBA00E9B192 /* Project object */;
}
